// !$*UTF8*$!
{
	archiveVersion = 1;
	classes = {
	};
	objectVersion = 56;
	objects = {

/* Begin PBXBuildFile section */
		3983AAF02AF6F897004B5C68 /* images.png in Resources */ = {isa = PBXBuildFile; fileRef = 3983AAEF2AF6F897004B5C68 /* images.png */; };
		CF54FA782965A4B4008D321B /* GeneralURLHandlerApp.swift in Sources */ = {isa = PBXBuildFile; fileRef = CF54FA772965A4B4008D321B /* GeneralURLHandlerApp.swift */; };
		CF54FA7A2965A4B4008D321B /* ContentView.swift in Sources */ = {isa = PBXBuildFile; fileRef = CF54FA792965A4B4008D321B /* ContentView.swift */; };
		CF54FA7C2965A4B5008D321B /* Assets.xcassets in Resources */ = {isa = PBXBuildFile; fileRef = CF54FA7B2965A4B5008D321B /* Assets.xcassets */; };
		CF54FA7F2965A4B5008D321B /* Preview Assets.xcassets in Resources */ = {isa = PBXBuildFile; fileRef = CF54FA7E2965A4B5008D321B /* Preview Assets.xcassets */; };
		CF54FA8A2965A4B5008D321B /* GeneralURLHandlerTests.swift in Sources */ = {isa = PBXBuildFile; fileRef = CF54FA892965A4B5008D321B /* GeneralURLHandlerTests.swift */; };
		CF54FA942965A4B5008D321B /* GeneralURLHandlerUITests.swift in Sources */ = {isa = PBXBuildFile; fileRef = CF54FA932965A4B5008D321B /* GeneralURLHandlerUITests.swift */; };
		CF54FA962965A4B5008D321B /* GeneralURLHandlerUITestsLaunchTests.swift in Sources */ = {isa = PBXBuildFile; fileRef = CF54FA952965A4B5008D321B /* GeneralURLHandlerUITestsLaunchTests.swift */; };
		CF54FAA32965A4D3008D321B /* main.swift in Sources */ = {isa = PBXBuildFile; fileRef = CF54FAA22965A4D3008D321B /* main.swift */; };
		CF54FAA52965A598008D321B /* util.swift in Sources */ = {isa = PBXBuildFile; fileRef = CF54FAA42965A598008D321B /* util.swift */; };
		CF54FAA92965BF5D008D321B /* Yams in Frameworks */ = {isa = PBXBuildFile; productRef = CF54FAA82965BF5D008D321B /* Yams */; };
/* End PBXBuildFile section */

/* Begin PBXContainerItemProxy section */
		CF54FA862965A4B5008D321B /* PBXContainerItemProxy */ = {
			isa = PBXContainerItemProxy;
			containerPortal = CF54FA6C2965A4B4008D321B /* Project object */;
			proxyType = 1;
			remoteGlobalIDString = CF54FA732965A4B4008D321B;
			remoteInfo = GeneralURLHandler;
		};
		CF54FA902965A4B5008D321B /* PBXContainerItemProxy */ = {
			isa = PBXContainerItemProxy;
			containerPortal = CF54FA6C2965A4B4008D321B /* Project object */;
			proxyType = 1;
			remoteGlobalIDString = CF54FA732965A4B4008D321B;
			remoteInfo = GeneralURLHandler;
		};
/* End PBXContainerItemProxy section */

/* Begin PBXFileReference section */
		3983AAEF2AF6F897004B5C68 /* images.png */ = {isa = PBXFileReference; lastKnownFileType = image.png; path = images.png; sourceTree = "<group>"; };
		CF54FA742965A4B4008D321B /* GeneralURLHandler.app */ = {isa = PBXFileReference; explicitFileType = wrapper.application; includeInIndex = 0; path = GeneralURLHandler.app; sourceTree = BUILT_PRODUCTS_DIR; };
		CF54FA772965A4B4008D321B /* GeneralURLHandlerApp.swift */ = {isa = PBXFileReference; lastKnownFileType = sourcecode.swift; path = GeneralURLHandlerApp.swift; sourceTree = "<group>"; };
		CF54FA792965A4B4008D321B /* ContentView.swift */ = {isa = PBXFileReference; lastKnownFileType = sourcecode.swift; path = ContentView.swift; sourceTree = "<group>"; };
		CF54FA7B2965A4B5008D321B /* Assets.xcassets */ = {isa = PBXFileReference; lastKnownFileType = folder.assetcatalog; path = Assets.xcassets; sourceTree = "<group>"; };
		CF54FA7E2965A4B5008D321B /* Preview Assets.xcassets */ = {isa = PBXFileReference; lastKnownFileType = folder.assetcatalog; path = "Preview Assets.xcassets"; sourceTree = "<group>"; };
		CF54FA802965A4B5008D321B /* GeneralURLHandler.entitlements */ = {isa = PBXFileReference; lastKnownFileType = text.plist.entitlements; path = GeneralURLHandler.entitlements; sourceTree = "<group>"; };
		CF54FA852965A4B5008D321B /* GeneralURLHandlerTests.xctest */ = {isa = PBXFileReference; explicitFileType = wrapper.cfbundle; includeInIndex = 0; path = GeneralURLHandlerTests.xctest; sourceTree = BUILT_PRODUCTS_DIR; };
		CF54FA892965A4B5008D321B /* GeneralURLHandlerTests.swift */ = {isa = PBXFileReference; lastKnownFileType = sourcecode.swift; path = GeneralURLHandlerTests.swift; sourceTree = "<group>"; };
		CF54FA8F2965A4B5008D321B /* GeneralURLHandlerUITests.xctest */ = {isa = PBXFileReference; explicitFileType = wrapper.cfbundle; includeInIndex = 0; path = GeneralURLHandlerUITests.xctest; sourceTree = BUILT_PRODUCTS_DIR; };
		CF54FA932965A4B5008D321B /* GeneralURLHandlerUITests.swift */ = {isa = PBXFileReference; lastKnownFileType = sourcecode.swift; path = GeneralURLHandlerUITests.swift; sourceTree = "<group>"; };
		CF54FA952965A4B5008D321B /* GeneralURLHandlerUITestsLaunchTests.swift */ = {isa = PBXFileReference; lastKnownFileType = sourcecode.swift; path = GeneralURLHandlerUITestsLaunchTests.swift; sourceTree = "<group>"; };
		CF54FAA22965A4D3008D321B /* main.swift */ = {isa = PBXFileReference; lastKnownFileType = sourcecode.swift; path = main.swift; sourceTree = "<group>"; };
		CF54FAA42965A598008D321B /* util.swift */ = {isa = PBXFileReference; lastKnownFileType = sourcecode.swift; path = util.swift; sourceTree = "<group>"; };
		CF54FAA62965B3AF008D321B /* Info.plist */ = {isa = PBXFileReference; lastKnownFileType = text.plist; path = Info.plist; sourceTree = "<group>"; };
/* End PBXFileReference section */

/* Begin PBXFrameworksBuildPhase section */
		CF54FA712965A4B4008D321B /* Frameworks */ = {
			isa = PBXFrameworksBuildPhase;
			buildActionMask = 2147483647;
			files = (
				CF54FAA92965BF5D008D321B /* Yams in Frameworks */,
			);
			runOnlyForDeploymentPostprocessing = 0;
		};
		CF54FA822965A4B5008D321B /* Frameworks */ = {
			isa = PBXFrameworksBuildPhase;
			buildActionMask = 2147483647;
			files = (
			);
			runOnlyForDeploymentPostprocessing = 0;
		};
		CF54FA8C2965A4B5008D321B /* Frameworks */ = {
			isa = PBXFrameworksBuildPhase;
			buildActionMask = 2147483647;
			files = (
			);
			runOnlyForDeploymentPostprocessing = 0;
		};
/* End PBXFrameworksBuildPhase section */

/* Begin PBXGroup section */
		CF54FA6B2965A4B4008D321B = {
			isa = PBXGroup;
			children = (
				3983AAEF2AF6F897004B5C68 /* images.png */,
				CF54FA762965A4B4008D321B /* GeneralURLHandler */,
				CF54FA882965A4B5008D321B /* GeneralURLHandlerTests */,
				CF54FA922965A4B5008D321B /* GeneralURLHandlerUITests */,
				CF54FA752965A4B4008D321B /* Products */,
			);
			sourceTree = "<group>";
		};
		CF54FA752965A4B4008D321B /* Products */ = {
			isa = PBXGroup;
			children = (
				CF54FA742965A4B4008D321B /* GeneralURLHandler.app */,
				CF54FA852965A4B5008D321B /* GeneralURLHandlerTests.xctest */,
				CF54FA8F2965A4B5008D321B /* GeneralURLHandlerUITests.xctest */,
			);
			name = Products;
			sourceTree = "<group>";
		};
		CF54FA762965A4B4008D321B /* GeneralURLHandler */ = {
			isa = PBXGroup;
			children = (
				CF54FAA62965B3AF008D321B /* Info.plist */,
				CF54FA772965A4B4008D321B /* GeneralURLHandlerApp.swift */,
				CF54FA792965A4B4008D321B /* ContentView.swift */,
				CF54FA7B2965A4B5008D321B /* Assets.xcassets */,
				CF54FA802965A4B5008D321B /* GeneralURLHandler.entitlements */,
				CF54FA7D2965A4B5008D321B /* Preview Content */,
				CF54FAA22965A4D3008D321B /* main.swift */,
				CF54FAA42965A598008D321B /* util.swift */,
			);
			path = GeneralURLHandler;
			sourceTree = "<group>";
		};
		CF54FA7D2965A4B5008D321B /* Preview Content */ = {
			isa = PBXGroup;
			children = (
				CF54FA7E2965A4B5008D321B /* Preview Assets.xcassets */,
			);
			path = "Preview Content";
			sourceTree = "<group>";
		};
		CF54FA882965A4B5008D321B /* GeneralURLHandlerTests */ = {
			isa = PBXGroup;
			children = (
				CF54FA892965A4B5008D321B /* GeneralURLHandlerTests.swift */,
			);
			path = GeneralURLHandlerTests;
			sourceTree = "<group>";
		};
		CF54FA922965A4B5008D321B /* GeneralURLHandlerUITests */ = {
			isa = PBXGroup;
			children = (
				CF54FA932965A4B5008D321B /* GeneralURLHandlerUITests.swift */,
				CF54FA952965A4B5008D321B /* GeneralURLHandlerUITestsLaunchTests.swift */,
			);
			path = GeneralURLHandlerUITests;
			sourceTree = "<group>";
		};
/* End PBXGroup section */

/* Begin PBXNativeTarget section */
		CF54FA732965A4B4008D321B /* GeneralURLHandler */ = {
			isa = PBXNativeTarget;
			buildConfigurationList = CF54FA992965A4B5008D321B /* Build configuration list for PBXNativeTarget "GeneralURLHandler" */;
			buildPhases = (
				CF54FA702965A4B4008D321B /* Sources */,
				CF54FA712965A4B4008D321B /* Frameworks */,
				CF54FA722965A4B4008D321B /* Resources */,
			);
			buildRules = (
			);
			dependencies = (
			);
			name = GeneralURLHandler;
			packageProductDependencies = (
				CF54FAA82965BF5D008D321B /* Yams */,
			);
			productName = GeneralURLHandler;
			productReference = CF54FA742965A4B4008D321B /* GeneralURLHandler.app */;
			productType = "com.apple.product-type.application";
		};
		CF54FA842965A4B5008D321B /* GeneralURLHandlerTests */ = {
			isa = PBXNativeTarget;
			buildConfigurationList = CF54FA9C2965A4B5008D321B /* Build configuration list for PBXNativeTarget "GeneralURLHandlerTests" */;
			buildPhases = (
				CF54FA812965A4B5008D321B /* Sources */,
				CF54FA822965A4B5008D321B /* Frameworks */,
				CF54FA832965A4B5008D321B /* Resources */,
			);
			buildRules = (
			);
			dependencies = (
				CF54FA872965A4B5008D321B /* PBXTargetDependency */,
			);
			name = GeneralURLHandlerTests;
			productName = GeneralURLHandlerTests;
			productReference = CF54FA852965A4B5008D321B /* GeneralURLHandlerTests.xctest */;
			productType = "com.apple.product-type.bundle.unit-test";
		};
		CF54FA8E2965A4B5008D321B /* GeneralURLHandlerUITests */ = {
			isa = PBXNativeTarget;
			buildConfigurationList = CF54FA9F2965A4B5008D321B /* Build configuration list for PBXNativeTarget "GeneralURLHandlerUITests" */;
			buildPhases = (
				CF54FA8B2965A4B5008D321B /* Sources */,
				CF54FA8C2965A4B5008D321B /* Frameworks */,
				CF54FA8D2965A4B5008D321B /* Resources */,
			);
			buildRules = (
			);
			dependencies = (
				CF54FA912965A4B5008D321B /* PBXTargetDependency */,
			);
			name = GeneralURLHandlerUITests;
			productName = GeneralURLHandlerUITests;
			productReference = CF54FA8F2965A4B5008D321B /* GeneralURLHandlerUITests.xctest */;
			productType = "com.apple.product-type.bundle.ui-testing";
		};
/* End PBXNativeTarget section */

/* Begin PBXProject section */
		CF54FA6C2965A4B4008D321B /* Project object */ = {
			isa = PBXProject;
			attributes = {
				BuildIndependentTargetsInParallel = 1;
				LastSwiftUpdateCheck = 1420;
				LastUpgradeCheck = 1500;
				TargetAttributes = {
					CF54FA732965A4B4008D321B = {
						CreatedOnToolsVersion = 14.2;
					};
					CF54FA842965A4B5008D321B = {
						CreatedOnToolsVersion = 14.2;
						TestTargetID = CF54FA732965A4B4008D321B;
					};
					CF54FA8E2965A4B5008D321B = {
						CreatedOnToolsVersion = 14.2;
						TestTargetID = CF54FA732965A4B4008D321B;
					};
				};
			};
			buildConfigurationList = CF54FA6F2965A4B4008D321B /* Build configuration list for PBXProject "GeneralURLHandler" */;
			compatibilityVersion = "Xcode 14.0";
			developmentRegion = en;
			hasScannedForEncodings = 0;
			knownRegions = (
				en,
				Base,
			);
			mainGroup = CF54FA6B2965A4B4008D321B;
			packageReferences = (
				CF54FAA72965BF5D008D321B /* XCRemoteSwiftPackageReference "Yams" */,
			);
			productRefGroup = CF54FA752965A4B4008D321B /* Products */;
			projectDirPath = "";
			projectRoot = "";
			targets = (
				CF54FA732965A4B4008D321B /* GeneralURLHandler */,
				CF54FA842965A4B5008D321B /* GeneralURLHandlerTests */,
				CF54FA8E2965A4B5008D321B /* GeneralURLHandlerUITests */,
			);
		};
/* End PBXProject section */

/* Begin PBXResourcesBuildPhase section */
		CF54FA722965A4B4008D321B /* Resources */ = {
			isa = PBXResourcesBuildPhase;
			buildActionMask = 2147483647;
			files = (
				3983AAF02AF6F897004B5C68 /* images.png in Resources */,
				CF54FA7F2965A4B5008D321B /* Preview Assets.xcassets in Resources */,
				CF54FA7C2965A4B5008D321B /* Assets.xcassets in Resources */,
			);
			runOnlyForDeploymentPostprocessing = 0;
		};
		CF54FA832965A4B5008D321B /* Resources */ = {
			isa = PBXResourcesBuildPhase;
			buildActionMask = 2147483647;
			files = (
			);
			runOnlyForDeploymentPostprocessing = 0;
		};
		CF54FA8D2965A4B5008D321B /* Resources */ = {
			isa = PBXResourcesBuildPhase;
			buildActionMask = 2147483647;
			files = (
			);
			runOnlyForDeploymentPostprocessing = 0;
		};
/* End PBXResourcesBuildPhase section */

/* Begin PBXSourcesBuildPhase section */
		CF54FA702965A4B4008D321B /* Sources */ = {
			isa = PBXSourcesBuildPhase;
			buildActionMask = 2147483647;
			files = (
				CF54FA7A2965A4B4008D321B /* ContentView.swift in Sources */,
				CF54FA782965A4B4008D321B /* GeneralURLHandlerApp.swift in Sources */,
				CF54FAA32965A4D3008D321B /* main.swift in Sources */,
				CF54FAA52965A598008D321B /* util.swift in Sources */,
			);
			runOnlyForDeploymentPostprocessing = 0;
		};
		CF54FA812965A4B5008D321B /* Sources */ = {
			isa = PBXSourcesBuildPhase;
			buildActionMask = 2147483647;
			files = (
				CF54FA8A2965A4B5008D321B /* GeneralURLHandlerTests.swift in Sources */,
			);
			runOnlyForDeploymentPostprocessing = 0;
		};
		CF54FA8B2965A4B5008D321B /* Sources */ = {
			isa = PBXSourcesBuildPhase;
			buildActionMask = 2147483647;
			files = (
				CF54FA942965A4B5008D321B /* GeneralURLHandlerUITests.swift in Sources */,
				CF54FA962965A4B5008D321B /* GeneralURLHandlerUITestsLaunchTests.swift in Sources */,
			);
			runOnlyForDeploymentPostprocessing = 0;
		};
/* End PBXSourcesBuildPhase section */

/* Begin PBXTargetDependency section */
		CF54FA872965A4B5008D321B /* PBXTargetDependency */ = {
			isa = PBXTargetDependency;
			target = CF54FA732965A4B4008D321B /* GeneralURLHandler */;
			targetProxy = CF54FA862965A4B5008D321B /* PBXContainerItemProxy */;
		};
		CF54FA912965A4B5008D321B /* PBXTargetDependency */ = {
			isa = PBXTargetDependency;
			target = CF54FA732965A4B4008D321B /* GeneralURLHandler */;
			targetProxy = CF54FA902965A4B5008D321B /* PBXContainerItemProxy */;
		};
/* End PBXTargetDependency section */

/* Begin XCBuildConfiguration section */
		CF54FA972965A4B5008D321B /* Debug */ = {
			isa = XCBuildConfiguration;
			buildSettings = {
				ALWAYS_SEARCH_USER_PATHS = NO;
				CLANG_ANALYZER_NONNULL = YES;
				CLANG_ANALYZER_NUMBER_OBJECT_CONVERSION = YES_AGGRESSIVE;
				CLANG_CXX_LANGUAGE_STANDARD = "gnu++20";
				CLANG_ENABLE_MODULES = YES;
				CLANG_ENABLE_OBJC_ARC = YES;
				CLANG_ENABLE_OBJC_WEAK = YES;
				CLANG_WARN_BLOCK_CAPTURE_AUTORELEASING = YES;
				CLANG_WARN_BOOL_CONVERSION = YES;
				CLANG_WARN_COMMA = YES;
				CLANG_WARN_CONSTANT_CONVERSION = YES;
				CLANG_WARN_DEPRECATED_OBJC_IMPLEMENTATIONS = YES;
				CLANG_WARN_DIRECT_OBJC_ISA_USAGE = YES_ERROR;
				CLANG_WARN_DOCUMENTATION_COMMENTS = YES;
				CLANG_WARN_EMPTY_BODY = YES;
				CLANG_WARN_ENUM_CONVERSION = YES;
				CLANG_WARN_INFINITE_RECURSION = YES;
				CLANG_WARN_INT_CONVERSION = YES;
				CLANG_WARN_NON_LITERAL_NULL_CONVERSION = YES;
				CLANG_WARN_OBJC_IMPLICIT_RETAIN_SELF = YES;
				CLANG_WARN_OBJC_LITERAL_CONVERSION = YES;
				CLANG_WARN_OBJC_ROOT_CLASS = YES_ERROR;
				CLANG_WARN_QUOTED_INCLUDE_IN_FRAMEWORK_HEADER = YES;
				CLANG_WARN_RANGE_LOOP_ANALYSIS = YES;
				CLANG_WARN_STRICT_PROTOTYPES = YES;
				CLANG_WARN_SUSPICIOUS_MOVE = YES;
				CLANG_WARN_UNGUARDED_AVAILABILITY = YES_AGGRESSIVE;
				CLANG_WARN_UNREACHABLE_CODE = YES;
				CLANG_WARN__DUPLICATE_METHOD_MATCH = YES;
				COPY_PHASE_STRIP = NO;
				DEAD_CODE_STRIPPING = YES;
				DEBUG_INFORMATION_FORMAT = dwarf;
				ENABLE_STRICT_OBJC_MSGSEND = YES;
				ENABLE_TESTABILITY = YES;
				ENABLE_USER_SCRIPT_SANDBOXING = YES;
				GCC_C_LANGUAGE_STANDARD = gnu11;
				GCC_DYNAMIC_NO_PIC = NO;
				GCC_NO_COMMON_BLOCKS = YES;
				GCC_OPTIMIZATION_LEVEL = 0;
				GCC_PREPROCESSOR_DEFINITIONS = (
					"DEBUG=1",
					"$(inherited)",
				);
				GCC_WARN_64_TO_32_BIT_CONVERSION = YES;
				GCC_WARN_ABOUT_RETURN_TYPE = YES_ERROR;
				GCC_WARN_UNDECLARED_SELECTOR = YES;
				GCC_WARN_UNINITIALIZED_AUTOS = YES_AGGRESSIVE;
				GCC_WARN_UNUSED_FUNCTION = YES;
				GCC_WARN_UNUSED_VARIABLE = YES;
				INFOPLIST_KEY_LSUIElement = YES;
				MACOSX_DEPLOYMENT_TARGET = 13.1;
				MTL_ENABLE_DEBUG_INFO = INCLUDE_SOURCE;
				MTL_FAST_MATH = YES;
				ONLY_ACTIVE_ARCH = YES;
				SDKROOT = macosx;
				SWIFT_ACTIVE_COMPILATION_CONDITIONS = DEBUG;
				SWIFT_OPTIMIZATION_LEVEL = "-Onone";
			};
			name = Debug;
		};
		CF54FA982965A4B5008D321B /* Release */ = {
			isa = XCBuildConfiguration;
			buildSettings = {
				ALWAYS_SEARCH_USER_PATHS = NO;
				CLANG_ANALYZER_NONNULL = YES;
				CLANG_ANALYZER_NUMBER_OBJECT_CONVERSION = YES_AGGRESSIVE;
				CLANG_CXX_LANGUAGE_STANDARD = "gnu++20";
				CLANG_ENABLE_MODULES = YES;
				CLANG_ENABLE_OBJC_ARC = YES;
				CLANG_ENABLE_OBJC_WEAK = YES;
				CLANG_WARN_BLOCK_CAPTURE_AUTORELEASING = YES;
				CLANG_WARN_BOOL_CONVERSION = YES;
				CLANG_WARN_COMMA = YES;
				CLANG_WARN_CONSTANT_CONVERSION = YES;
				CLANG_WARN_DEPRECATED_OBJC_IMPLEMENTATIONS = YES;
				CLANG_WARN_DIRECT_OBJC_ISA_USAGE = YES_ERROR;
				CLANG_WARN_DOCUMENTATION_COMMENTS = YES;
				CLANG_WARN_EMPTY_BODY = YES;
				CLANG_WARN_ENUM_CONVERSION = YES;
				CLANG_WARN_INFINITE_RECURSION = YES;
				CLANG_WARN_INT_CONVERSION = YES;
				CLANG_WARN_NON_LITERAL_NULL_CONVERSION = YES;
				CLANG_WARN_OBJC_IMPLICIT_RETAIN_SELF = YES;
				CLANG_WARN_OBJC_LITERAL_CONVERSION = YES;
				CLANG_WARN_OBJC_ROOT_CLASS = YES_ERROR;
				CLANG_WARN_QUOTED_INCLUDE_IN_FRAMEWORK_HEADER = YES;
				CLANG_WARN_RANGE_LOOP_ANALYSIS = YES;
				CLANG_WARN_STRICT_PROTOTYPES = YES;
				CLANG_WARN_SUSPICIOUS_MOVE = YES;
				CLANG_WARN_UNGUARDED_AVAILABILITY = YES_AGGRESSIVE;
				CLANG_WARN_UNREACHABLE_CODE = YES;
				CLANG_WARN__DUPLICATE_METHOD_MATCH = YES;
				COPY_PHASE_STRIP = NO;
				DEAD_CODE_STRIPPING = YES;
				DEBUG_INFORMATION_FORMAT = "dwarf-with-dsym";
				ENABLE_NS_ASSERTIONS = NO;
				ENABLE_STRICT_OBJC_MSGSEND = YES;
				ENABLE_USER_SCRIPT_SANDBOXING = YES;
				GCC_C_LANGUAGE_STANDARD = gnu11;
				GCC_NO_COMMON_BLOCKS = YES;
				GCC_WARN_64_TO_32_BIT_CONVERSION = YES;
				GCC_WARN_ABOUT_RETURN_TYPE = YES_ERROR;
				GCC_WARN_UNDECLARED_SELECTOR = YES;
				GCC_WARN_UNINITIALIZED_AUTOS = YES_AGGRESSIVE;
				GCC_WARN_UNUSED_FUNCTION = YES;
				GCC_WARN_UNUSED_VARIABLE = YES;
				INFOPLIST_KEY_LSUIElement = YES;
				MACOSX_DEPLOYMENT_TARGET = 13.1;
				MTL_ENABLE_DEBUG_INFO = NO;
				MTL_FAST_MATH = YES;
				ONLY_ACTIVE_ARCH = YES;
				SDKROOT = macosx;
				SWIFT_COMPILATION_MODE = wholemodule;
				SWIFT_OPTIMIZATION_LEVEL = "-O";
			};
			name = Release;
		};
		CF54FA9A2965A4B5008D321B /* Debug */ = {
			isa = XCBuildConfiguration;
			buildSettings = {
				ASSETCATALOG_COMPILER_APPICON_NAME = AppIcon;
				ASSETCATALOG_COMPILER_GLOBAL_ACCENT_COLOR_NAME = AccentColor;
				ASSETCATALOG_COMPILER_INCLUDE_ALL_APPICON_ASSETS = YES;
				CODE_SIGN_ENTITLEMENTS = GeneralURLHandler/GeneralURLHandler.entitlements;
				"CODE_SIGN_IDENTITY[sdk=macosx*]" = "-";
				CODE_SIGN_STYLE = Automatic;
				COMBINE_HIDPI_IMAGES = YES;
				CURRENT_PROJECT_VERSION = 1;
				DEAD_CODE_STRIPPING = YES;
				DEVELOPMENT_ASSET_PATHS = "\"GeneralURLHandler/Preview Content\"";
				DEVELOPMENT_TEAM = 2M7W5XA5ZX;
				ENABLE_PREVIEWS = YES;
				GENERATE_INFOPLIST_FILE = YES;
				INFOPLIST_FILE = GeneralURLHandler/Info.plist;
				INFOPLIST_KEY_CFBundleDisplayName = "GeneralURLHandler-dbg";
				INFOPLIST_KEY_LSApplicationCategoryType = "public.app-category.utilities";
				INFOPLIST_KEY_LSUIElement = YES;
				INFOPLIST_KEY_NSHumanReadableCopyright = "";
				LD_RUNPATH_SEARCH_PATHS = (
					"$(inherited)",
					"@executable_path/../Frameworks",
				);
				MARKETING_VERSION = "1.0-dev";
				PRODUCT_BUNDLE_IDENTIFIER = org.luwak.GeneralURLHandler;
				PRODUCT_NAME = "$(TARGET_NAME)";
				SWIFT_EMIT_LOC_STRINGS = YES;
				SWIFT_VERSION = 5.0;
			};
			name = Debug;
		};
		CF54FA9B2965A4B5008D321B /* Release */ = {
			isa = XCBuildConfiguration;
			buildSettings = {
				ASSETCATALOG_COMPILER_APPICON_NAME = AppIcon;
				ASSETCATALOG_COMPILER_GLOBAL_ACCENT_COLOR_NAME = AccentColor;
				ASSETCATALOG_COMPILER_INCLUDE_ALL_APPICON_ASSETS = YES;
				CODE_SIGN_ENTITLEMENTS = GeneralURLHandler/GeneralURLHandler.entitlements;
				"CODE_SIGN_IDENTITY[sdk=macosx*]" = "Apple Development";
				CODE_SIGN_STYLE = Automatic;
				COMBINE_HIDPI_IMAGES = YES;
				CURRENT_PROJECT_VERSION = 1;
				DEAD_CODE_STRIPPING = YES;
				DEVELOPMENT_ASSET_PATHS = "\"GeneralURLHandler/Preview Content\"";
				DEVELOPMENT_TEAM = 2M7W5XA5ZX;
				ENABLE_PREVIEWS = YES;
				GENERATE_INFOPLIST_FILE = YES;
				INFOPLIST_FILE = GeneralURLHandler/Info.plist;
				INFOPLIST_KEY_CFBundleDisplayName = "GeneralURLHandler-dbg";
				INFOPLIST_KEY_LSApplicationCategoryType = "public.app-category.utilities";
				INFOPLIST_KEY_LSUIElement = YES;
				INFOPLIST_KEY_NSHumanReadableCopyright = "";
				LD_RUNPATH_SEARCH_PATHS = (
					"$(inherited)",
					"@executable_path/../Frameworks",
				);
				MARKETING_VERSION = "1.0-dev";
				PRODUCT_BUNDLE_IDENTIFIER = org.luwak.GeneralURLHandler;
				PRODUCT_NAME = "$(TARGET_NAME)";
				SWIFT_EMIT_LOC_STRINGS = YES;
				SWIFT_VERSION = 5.0;
			};
			name = Release;
		};
		CF54FA9D2965A4B5008D321B /* Debug */ = {
			isa = XCBuildConfiguration;
			buildSettings = {
				ALWAYS_EMBED_SWIFT_STANDARD_LIBRARIES = YES;
				BUNDLE_LOADER = "$(TEST_HOST)";
				CODE_SIGN_STYLE = Automatic;
				CURRENT_PROJECT_VERSION = 1;
				DEAD_CODE_STRIPPING = YES;
				GENERATE_INFOPLIST_FILE = YES;
				MACOSX_DEPLOYMENT_TARGET = 13.1;
				MARKETING_VERSION = 1.0;
				PRODUCT_BUNDLE_IDENTIFIER = org.luwak.GeneralURLHandlerTests;
				PRODUCT_NAME = "$(TARGET_NAME)";
				SWIFT_EMIT_LOC_STRINGS = NO;
				SWIFT_VERSION = 5.0;
				TEST_HOST = "$(BUILT_PRODUCTS_DIR)/GeneralURLHandler.app/$(BUNDLE_EXECUTABLE_FOLDER_PATH)/GeneralURLHandler";
			};
			name = Debug;
		};
		CF54FA9E2965A4B5008D321B /* Release */ = {
			isa = XCBuildConfiguration;
			buildSettings = {
				ALWAYS_EMBED_SWIFT_STANDARD_LIBRARIES = YES;
				BUNDLE_LOADER = "$(TEST_HOST)";
				CODE_SIGN_STYLE = Automatic;
				CURRENT_PROJECT_VERSION = 1;
				DEAD_CODE_STRIPPING = YES;
				GENERATE_INFOPLIST_FILE = YES;
				MACOSX_DEPLOYMENT_TARGET = 13.1;
				MARKETING_VERSION = 1.0;
				PRODUCT_BUNDLE_IDENTIFIER = org.luwak.GeneralURLHandlerTests;
				PRODUCT_NAME = "$(TARGET_NAME)";
				SWIFT_EMIT_LOC_STRINGS = NO;
				SWIFT_VERSION = 5.0;
				TEST_HOST = "$(BUILT_PRODUCTS_DIR)/GeneralURLHandler.app/$(BUNDLE_EXECUTABLE_FOLDER_PATH)/GeneralURLHandler";
			};
			name = Release;
		};
		CF54FAA02965A4B5008D321B /* Debug */ = {
			isa = XCBuildConfiguration;
			buildSettings = {
				ALWAYS_EMBED_SWIFT_STANDARD_LIBRARIES = YES;
				CODE_SIGN_STYLE = Automatic;
				CURRENT_PROJECT_VERSION = 1;
				DEAD_CODE_STRIPPING = YES;
				GENERATE_INFOPLIST_FILE = YES;
				MARKETING_VERSION = 1.0;
				PRODUCT_BUNDLE_IDENTIFIER = org.luwak.GeneralURLHandlerUITests;
				PRODUCT_NAME = "$(TARGET_NAME)";
				SWIFT_EMIT_LOC_STRINGS = NO;
				SWIFT_VERSION = 5.0;
				TEST_TARGET_NAME = GeneralURLHandler;
			};
			name = Debug;
		};
		CF54FAA12965A4B5008D321B /* Release */ = {
			isa = XCBuildConfiguration;
			buildSettings = {
				ALWAYS_EMBED_SWIFT_STANDARD_LIBRARIES = YES;
				CODE_SIGN_STYLE = Automatic;
				CURRENT_PROJECT_VERSION = 1;
				DEAD_CODE_STRIPPING = YES;
				GENERATE_INFOPLIST_FILE = YES;
				MARKETING_VERSION = 1.0;
				PRODUCT_BUNDLE_IDENTIFIER = org.luwak.GeneralURLHandlerUITests;
				PRODUCT_NAME = "$(TARGET_NAME)";
				SWIFT_EMIT_LOC_STRINGS = NO;
				SWIFT_VERSION = 5.0;
				TEST_TARGET_NAME = GeneralURLHandler;
			};
			name = Release;
		};
/* End XCBuildConfiguration section */

/* Begin XCConfigurationList section */
		CF54FA6F2965A4B4008D321B /* Build configuration list for PBXProject "GeneralURLHandler" */ = {
			isa = XCConfigurationList;
			buildConfigurations = (
				CF54FA972965A4B5008D321B /* Debug */,
				CF54FA982965A4B5008D321B /* Release */,
			);
			defaultConfigurationIsVisible = 0;
			defaultConfigurationName = Release;
		};
		CF54FA992965A4B5008D321B /* Build configuration list for PBXNativeTarget "GeneralURLHandler" */ = {
			isa = XCConfigurationList;
			buildConfigurations = (
				CF54FA9A2965A4B5008D321B /* Debug */,
				CF54FA9B2965A4B5008D321B /* Release */,
			);
			defaultConfigurationIsVisible = 0;
			defaultConfigurationName = Release;
		};
		CF54FA9C2965A4B5008D321B /* Build configuration list for PBXNativeTarget "GeneralURLHandlerTests" */ = {
			isa = XCConfigurationList;
			buildConfigurations = (
				CF54FA9D2965A4B5008D321B /* Debug */,
				CF54FA9E2965A4B5008D321B /* Release */,
			);
			defaultConfigurationIsVisible = 0;
			defaultConfigurationName = Release;
		};
		CF54FA9F2965A4B5008D321B /* Build configuration list for PBXNativeTarget "GeneralURLHandlerUITests" */ = {
			isa = XCConfigurationList;
			buildConfigurations = (
				CF54FAA02965A4B5008D321B /* Debug */,
				CF54FAA12965A4B5008D321B /* Release */,
			);
			defaultConfigurationIsVisible = 0;
			defaultConfigurationName = Release;
		};
/* End XCConfigurationList section */

/* Begin XCRemoteSwiftPackageReference section */
		CF54FAA72965BF5D008D321B /* XCRemoteSwiftPackageReference "Yams" */ = {
			isa = XCRemoteSwiftPackageReference;
			repositoryURL = "https://github.com/jpsim/Yams";
			requirement = {
				kind = upToNextMajorVersion;
				minimumVersion = 5.0.0;
			};
		};
/* End XCRemoteSwiftPackageReference section */

/* Begin XCSwiftPackageProductDependency section */
		CF54FAA82965BF5D008D321B /* Yams */ = {
			isa = XCSwiftPackageProductDependency;
			package = CF54FAA72965BF5D008D321B /* XCRemoteSwiftPackageReference "Yams" */;
			productName = Yams;
		};
/* End XCSwiftPackageProductDependency section */
	};
	rootObject = CF54FA6C2965A4B4008D321B /* Project object */;
}
